
Microsoft Visual Studio Solution File, Format Version 12.00
# Visual Studio Version 17
VisualStudioVersion = 17.6.33829.357
MinimumVisualStudioVersion = 10.0.40219.1
Project("{FAE04EC0-301F-11D3-BF4B-00C04F79EFBC}") = "Object_oriented_programming", "Object_oriented_programming\Object_oriented_programming.csproj", "{68D985BF-9C76-47BC-B2AD-B5499725C7F0}"
EndProject
Global
	GlobalSection(SolutionConfigurationPlatforms) = preSolution
		Debug|Any CPU = Debug|Any CPU
		Release|Any CPU = Release|Any CPU
	EndGlobalSection
	GlobalSection(ProjectConfigurationPlatforms) = postSolution
		{68D985BF-9C76-47BC-B2AD-B5499725C7F0}.Debug|Any CPU.ActiveCfg = Debug|Any CPU
		{68D985BF-9C76-47BC-B2AD-B5499725C7F0}.Debug|Any CPU.Build.0 = Debug|Any CPU
		{68D985BF-9C76-47BC-B2AD-B5499725C7F0}.Release|Any CPU.ActiveCfg = Release|Any CPU
		{68D985BF-9C76-47BC-B2AD-B5499725C7F0}.Release|Any CPU.Build.0 = Release|Any CPU
	EndGlobalSection
	GlobalSection(SolutionProperties) = preSolution
		HideSolutionNode = FALSE
	EndGlobalSection
	GlobalSection(ExtensibilityGlobals) = postSolution
		SolutionGuid = {303CDBE5-4003-4EC8-8E67-B4FC85923B54}
	EndGlobalSection
EndGlobal
